
Microsoft Visual Studio Solution File, Format Version 12.00
# Visual Studio Version 16
VisualStudioVersion = 16.0.29926.136
MinimumVisualStudioVersion = 10.0.40219.1
Project("{FAE04EC0-301F-11D3-BF4B-00C04F79EFBC}") = "UIMMWindows", "UIMMWindows\UIMMWindows.csproj", "{106F0A0A-0EC7-4714-8A48-0E9F8BAF5A6B}"
EndProject
Global
	GlobalSection(SolutionConfigurationPlatforms) = preSolution
		Debug|Any CPU = Debug|Any CPU
		Release|Any CPU = Release|Any CPU
	EndGlobalSection
	GlobalSection(ProjectConfigurationPlatforms) = postSolution
		{106F0A0A-0EC7-4714-8A48-0E9F8BAF5A6B}.Debug|Any CPU.ActiveCfg = Debug|Any CPU
		{106F0A0A-0EC7-4714-8A48-0E9F8BAF5A6B}.Debug|Any CPU.Build.0 = Debug|Any CPU
		{106F0A0A-0EC7-4714-8A48-0E9F8BAF5A6B}.Release|Any CPU.ActiveCfg = Release|Any CPU
		{106F0A0A-0EC7-4714-8A48-0E9F8BAF5A6B}.Release|Any CPU.Build.0 = Release|Any CPU
	EndGlobalSection
	GlobalSection(SolutionProperties) = preSolution
		HideSolutionNode = FALSE
	EndGlobalSection
	GlobalSection(ExtensibilityGlobals) = postSolution
		SolutionGuid = {DD5EBD0B-6B58-4916-AA1C-6D30AD430F36}
	EndGlobalSection
EndGlobal
