
Microsoft Visual Studio Solution File, Format Version 12.00
# Visual Studio Version 16
VisualStudioVersion = 16.0.30104.148
MinimumVisualStudioVersion = 10.0.40219.1
Project("{FAE04EC0-301F-11D3-BF4B-00C04F79EFBC}") = "FormationWindows", "FormationWindows\FormationWindows.csproj", "{A068BD23-0F44-42ED-9F9D-039DBB23FDF0}"
EndProject
Global
	GlobalSection(SolutionConfigurationPlatforms) = preSolution
		Debug|Any CPU = Debug|Any CPU
		Release|Any CPU = Release|Any CPU
	EndGlobalSection
	GlobalSection(ProjectConfigurationPlatforms) = postSolution
		{A068BD23-0F44-42ED-9F9D-039DBB23FDF0}.Debug|Any CPU.ActiveCfg = Debug|Any CPU
		{A068BD23-0F44-42ED-9F9D-039DBB23FDF0}.Debug|Any CPU.Build.0 = Debug|Any CPU
		{A068BD23-0F44-42ED-9F9D-039DBB23FDF0}.Release|Any CPU.ActiveCfg = Release|Any CPU
		{A068BD23-0F44-42ED-9F9D-039DBB23FDF0}.Release|Any CPU.Build.0 = Release|Any CPU
	EndGlobalSection
	GlobalSection(SolutionProperties) = preSolution
		HideSolutionNode = FALSE
	EndGlobalSection
	GlobalSection(ExtensibilityGlobals) = postSolution
		SolutionGuid = {9C424970-8ABC-4680-9BFC-9F99478F4A3E}
	EndGlobalSection
EndGlobal
